Microsoft Visual Studio Solution File, Format Version 12.00
# Visual Studio Version 16
VisualStudioVersion = 16.0.30413.136
MinimumVisualStudioVersion = 10.0.40219.1
Project("{9A19103F-16F7-4668-BE54-9A1E7A4F7556}") = "AsyncInnAPI", "AsyncInnAPI\AsyncInnAPI.csproj", "{D6969D89-5E66-43EC-86F7-A0AE0CF6CF4F}"
EndProject
Project("{9A19103F-16F7-4668-BE54-9A1E7A4F7556}") = "Tests", "Tests\Tests.csproj", "{6E7D8331-0141-467E-AD81-A60C601CD992}"
EndProject
Project("{E53339B2-1760-4266-BCC7-CA923CBCF16C}") = "docker-compose", "docker-compose.dcproj", "{C47B0882-0004-4863-8B9F-D6DC8FD2FB2F}"
EndProject
Global
	GlobalSection(SolutionConfigurationPlatforms) = preSolution
		Debug|Any CPU = Debug|Any CPU
		Release|Any CPU = Release|Any CPU
	EndGlobalSection
	GlobalSection(ProjectConfigurationPlatforms) = postSolution
		{D6969D89-5E66-43EC-86F7-A0AE0CF6CF4F}.Debug|Any CPU.ActiveCfg = Debug|Any CPU
		{D6969D89-5E66-43EC-86F7-A0AE0CF6CF4F}.Debug|Any CPU.Build.0 = Debug|Any CPU
		{D6969D89-5E66-43EC-86F7-A0AE0CF6CF4F}.Release|Any CPU.ActiveCfg = Release|Any CPU
		{D6969D89-5E66-43EC-86F7-A0AE0CF6CF4F}.Release|Any CPU.Build.0 = Release|Any CPU
		{6E7D8331-0141-467E-AD81-A60C601CD992}.Debug|Any CPU.ActiveCfg = Debug|Any CPU
		{6E7D8331-0141-467E-AD81-A60C601CD992}.Debug|Any CPU.Build.0 = Debug|Any CPU
		{6E7D8331-0141-467E-AD81-A60C601CD992}.Release|Any CPU.ActiveCfg = Release|Any CPU
		{6E7D8331-0141-467E-AD81-A60C601CD992}.Release|Any CPU.Build.0 = Release|Any CPU
		{C47B0882-0004-4863-8B9F-D6DC8FD2FB2F}.Debug|Any CPU.ActiveCfg = Debug|Any CPU
		{C47B0882-0004-4863-8B9F-D6DC8FD2FB2F}.Debug|Any CPU.Build.0 = Debug|Any CPU
		{C47B0882-0004-4863-8B9F-D6DC8FD2FB2F}.Release|Any CPU.ActiveCfg = Release|Any CPU
		{C47B0882-0004-4863-8B9F-D6DC8FD2FB2F}.Release|Any CPU.Build.0 = Release|Any CPU
	EndGlobalSection
	GlobalSection(SolutionProperties) = preSolution
		HideSolutionNode = FALSE
	EndGlobalSection
	GlobalSection(ExtensibilityGlobals) = postSolution
		SolutionGuid = {332FA495-1ECE-496C-AD79-5D646BE83C43}
	EndGlobalSection
EndGlobal
